
Microsoft Visual Studio Solution File, Format Version 12.00
# Visual Studio Version 17
VisualStudioVersion = 17.11.35327.3
MinimumVisualStudioVersion = 10.0.40219.1
Project("{FAE04EC0-301F-11D3-BF4B-00C04F79EFBC}") = "SchoolManagement", "SchoolManagement\SchoolManagement.csproj", "{2BCD506A-72B5-44F0-882F-F320D39BA1A8}"
EndProject
Global
	GlobalSection(SolutionConfigurationPlatforms) = preSolution
		Debug|Any CPU = Debug|Any CPU
		Release|Any CPU = Release|Any CPU
	EndGlobalSection
	GlobalSection(ProjectConfigurationPlatforms) = postSolution
		{2BCD506A-72B5-44F0-882F-F320D39BA1A8}.Debug|Any CPU.ActiveCfg = Debug|Any CPU
		{2BCD506A-72B5-44F0-882F-F320D39BA1A8}.Debug|Any CPU.Build.0 = Debug|Any CPU
		{2BCD506A-72B5-44F0-882F-F320D39BA1A8}.Release|Any CPU.ActiveCfg = Release|Any CPU
		{2BCD506A-72B5-44F0-882F-F320D39BA1A8}.Release|Any CPU.Build.0 = Release|Any CPU
	EndGlobalSection
	GlobalSection(SolutionProperties) = preSolution
		HideSolutionNode = FALSE
	EndGlobalSection
	GlobalSection(ExtensibilityGlobals) = postSolution
		SolutionGuid = {C63FF76B-0DB6-40FB-A158-501C83263233}
	EndGlobalSection
EndGlobal
